
Microsoft Visual Studio Solution File, Format Version 12.00
# Visual Studio 15
VisualStudioVersion = 15.0.27130.2027
MinimumVisualStudioVersion = 10.0.40219.1
Project("{9A19103F-16F7-4668-BE54-9A1E7A4F7556}") = "CryptoMaket", "CryptoMaket\CryptoMaket.csproj", "{60A7346E-9504-4056-8755-B9D573933C1F}"
EndProject
Project("{9A19103F-16F7-4668-BE54-9A1E7A4F7556}") = "Market.DAL", "Market.DAL\Market.DAL.csproj", "{EFDD3371-898E-4CCA-9C4D-B5F6B6313309}"
EndProject
Project("{9A19103F-16F7-4668-BE54-9A1E7A4F7556}") = "Market.Services", "Market.Services\Market.Services.csproj", "{D570525A-EE91-4468-A2EF-45FCE8641440}"
EndProject
Project("{9A19103F-16F7-4668-BE54-9A1E7A4F7556}") = "Market.Helper", "Market.Helper\Market.Helper.csproj", "{08C15945-66B8-4DF6-8CEF-5D09375949B2}"
EndProject
Project("{FAE04EC0-301F-11D3-BF4B-00C04F79EFBC}") = "EFMarket.DAL", "EFMarket.DAL\EFMarket.DAL.csproj", "{6C368FE4-2733-4A49-8E83-B76FC9AE0F25}"
EndProject
Global
	GlobalSection(SolutionConfigurationPlatforms) = preSolution
		Debug|Any CPU = Debug|Any CPU
		Release|Any CPU = Release|Any CPU
	EndGlobalSection
	GlobalSection(ProjectConfigurationPlatforms) = postSolution
		{60A7346E-9504-4056-8755-B9D573933C1F}.Debug|Any CPU.ActiveCfg = Debug|Any CPU
		{60A7346E-9504-4056-8755-B9D573933C1F}.Debug|Any CPU.Build.0 = Debug|Any CPU
		{60A7346E-9504-4056-8755-B9D573933C1F}.Release|Any CPU.ActiveCfg = Release|Any CPU
		{60A7346E-9504-4056-8755-B9D573933C1F}.Release|Any CPU.Build.0 = Release|Any CPU
		{EFDD3371-898E-4CCA-9C4D-B5F6B6313309}.Debug|Any CPU.ActiveCfg = Debug|Any CPU
		{EFDD3371-898E-4CCA-9C4D-B5F6B6313309}.Debug|Any CPU.Build.0 = Debug|Any CPU
		{EFDD3371-898E-4CCA-9C4D-B5F6B6313309}.Release|Any CPU.ActiveCfg = Release|Any CPU
		{EFDD3371-898E-4CCA-9C4D-B5F6B6313309}.Release|Any CPU.Build.0 = Release|Any CPU
		{D570525A-EE91-4468-A2EF-45FCE8641440}.Debug|Any CPU.ActiveCfg = Debug|Any CPU
		{D570525A-EE91-4468-A2EF-45FCE8641440}.Debug|Any CPU.Build.0 = Debug|Any CPU
		{D570525A-EE91-4468-A2EF-45FCE8641440}.Release|Any CPU.ActiveCfg = Release|Any CPU
		{D570525A-EE91-4468-A2EF-45FCE8641440}.Release|Any CPU.Build.0 = Release|Any CPU
		{08C15945-66B8-4DF6-8CEF-5D09375949B2}.Debug|Any CPU.ActiveCfg = Debug|Any CPU
		{08C15945-66B8-4DF6-8CEF-5D09375949B2}.Debug|Any CPU.Build.0 = Debug|Any CPU
		{08C15945-66B8-4DF6-8CEF-5D09375949B2}.Release|Any CPU.ActiveCfg = Release|Any CPU
		{08C15945-66B8-4DF6-8CEF-5D09375949B2}.Release|Any CPU.Build.0 = Release|Any CPU
		{6C368FE4-2733-4A49-8E83-B76FC9AE0F25}.Debug|Any CPU.ActiveCfg = Debug|Any CPU
		{6C368FE4-2733-4A49-8E83-B76FC9AE0F25}.Debug|Any CPU.Build.0 = Debug|Any CPU
		{6C368FE4-2733-4A49-8E83-B76FC9AE0F25}.Release|Any CPU.ActiveCfg = Release|Any CPU
		{6C368FE4-2733-4A49-8E83-B76FC9AE0F25}.Release|Any CPU.Build.0 = Release|Any CPU
	EndGlobalSection
	GlobalSection(SolutionProperties) = preSolution
		HideSolutionNode = FALSE
	EndGlobalSection
	GlobalSection(ExtensibilityGlobals) = postSolution
		SolutionGuid = {993305ED-6328-4E70-BFCB-175C11649F0D}
	EndGlobalSection
EndGlobal
